{
  "name": "dsh-spend",
  "version": "0.6.3",
  "lockfileVersion": 3,
  "requires": true,
  "packages": {
    "": {
      "name": "dsh-spend",
      "version": "0.6.3",
      "license": "MIT",
      "peerDependencies": {
        "@deepseek-ai/cordis": "^4.0.2",
        "@deepseek-ai/dsh-api-remotes": "^0.1.2-alpha.3",
        "@deepseek-ai/dsh-api-session-controller": "^0.1.2-alpha.3",
        "@deepseek-ai/dsh-client-locale": "^0.1.2-alpha.3",
        "@deepseek-ai/dsh-credentials": "^0.1.2-alpha.3",
        "@deepseek-ai/dsh-home-paths": "^0.1.2-alpha.3",
        "@deepseek-ai/dsh-typert-protocol": "^0.1.2-alpha.3",
        "@deepseek-ai/schemastery": "^3.18.1"
      }
    },
    "node_modules/@deepseek-ai/cordis": {
      "version": "4.0.2",
      "resolved": "https://registry.npmmirror.com/@deepseek-ai/cordis/-/cordis-4.0.2.tgz",
      "integrity": "sha512-asOnXP1TzFSFQlHb1iegDZp0z/8WD1c7YNrwJR/Tx2bzNuMXfcekE/I67Iv6SQXeLB4csxqCngzQKANP7gdw0g==",
      "license": "MIT",
      "peer": true,
      "dependencies": {
        "@deepseek-ai/cosmokit": "^1.8.3",
        "@standard-schema/spec": "^1.1.0"
      },
      "bin": {
        "cordis": "bin.js"
      },
      "peerDependencies": {
        "@deepseek-ai/cordis-plugin-include": "^1.0.7",
        "@deepseek-ai/cordis-plugin-loader": "^1.0.3"
      },
      "peerDependenciesMeta": {
        "@deepseek-ai/cordis-plugin-include": {
          "optional": true
        },
        "@deepseek-ai/cordis-plugin-loader": {
          "optional": true
        }
      }
    },
    "node_modules/@deepseek-ai/cordis-plugin-include": {
      "version": "1.0.7",
      "resolved": "https://registry.npmmirror.com/@deepseek-ai/cordis-plugin-include/-/cordis-plugin-include-1.0.7.tgz",
      "integrity": "sha512-bZ4S1YuOmwOeE97HnslQ6ggVQbaWz4GejJ8OcY4P/DIyc1Qhu/3Szt1XSw6c/pd37kRkxxJXGwt4cmCxWSBBuw==",
      "license": "MIT",
      "peer": true,
      "dependencies": {
        "@deepseek-ai/cosmokit": "^1.8.3",
        "js-yaml": "^4.1.0"
      },
      "peerDependencies": {
        "@deepseek-ai/cordis": "^4.0.2",
        "@deepseek-ai/cordis-plugin-loader": "^1.0.3"
      }
    },
    "node_modules/@deepseek-ai/cordis-plugin-loader": {
      "version": "1.0.3",
      "resolved": "https://registry.npmmirror.com/@deepseek-ai/cordis-plugin-loader/-/cordis-plugin-loader-1.0.3.tgz",
      "integrity": "sha512-YNcHiH7TRFrgnRbQU7qdS1spABUFFHg04QpB9DdboPEjgKLTFfeEAvr6Y7qll3/nGgqywDQdk1tYshqKO0p1WQ==",
      "license": "MIT",
      "peer": true,
      "dependencies": {
        "@deepseek-ai/cosmokit": "^1.8.3"
      },
      "peerDependencies": {
        "@deepseek-ai/cordis": "^4.0.2",
        "node-addon-require-builtin": "^0.1.4"
      },
      "peerDependenciesMeta": {
        "node-addon-require-builtin": {
          "optional": true
        }
      }
    },
    "node_modules/@deepseek-ai/cosmokit": {
      "version": "1.8.3",
      "resolved": "https://registry.npmmirror.com/@deepseek-ai/cosmokit/-/cosmokit-1.8.3.tgz",
      "integrity": "sha512-qBo+ronVM6Eu2WNVJXi8JcMiqZ19T9BRIpV+5qJUFPXjGH/Z0QKcQMC/IZJ7L394YTOtJgcovbk9qP0w2GsBXQ==",
      "license": "MIT",
      "peer": true
    },
    "node_modules/@deepseek-ai/dsh-agent": {
      "version": "0.1.2-alpha.3",
      "resolved": "https://registry.npmmirror.com/@deepseek-ai/dsh-agent/-/dsh-agent-0.1.2-alpha.3.tgz",
      "integrity": "sha512-K1Pj9wqXmXjbMv4//wbPEPzaRBIYGluLzgnym2NPZFr9uS5h1soowUWVmI0lb3iU5FIUKuCg7YYEOrGSwPtRhQ==",
      "license": "MIT",
      "peer": true,
      "peerDependencies": {
        "@deepseek-ai/cordis": "^4.0.2",
        "@deepseek-ai/dsh-invariants": "^0.1.2-alpha.3",
        "@deepseek-ai/dsh-llm": "^0.1.2-alpha.3",
        "@deepseek-ai/dsh-scope": "^0.1.2-alpha.3",
        "@deepseek-ai/dsh-session": "^0.1.2-alpha.3",
        "@deepseek-ai/dsh-session-projection": "^0.1.2-alpha.3",
        "@deepseek-ai/dsh-system-prompt": "^0.1.2-alpha.3",
        "@deepseek-ai/dsh-typert-protocol": "^0.1.2-alpha.3"
      }
    },
    "node_modules/@deepseek-ai/dsh-agent-default-model": {
      "version": "0.1.2-alpha.3",
      "resolved": "https://registry.npmmirror.com/@deepseek-ai/dsh-agent-default-model/-/dsh-agent-default-model-0.1.2-alpha.3.tgz",
      "integrity": "sha512-FpFNLgwcZyoXRsdVoJ/OgKaA68neNnmyZ6wmLeegGi++7Itoe7ot8Z3CLxrViQg9N/h7R1TIhANnEbYByjk4Mg==",
      "license": "MIT",
      "peer": true,
      "dependencies": {
        "@deepseek-ai/schemastery": "^3.18.2"
      },
      "peerDependencies": {
        "@deepseek-ai/cordis": "^4.0.2",
        "@deepseek-ai/dsh-agent": "^0.1.2-alpha.3",
        "@deepseek-ai/dsh-invariants": "^0.1.2-alpha.3",
        "@deepseek-ai/dsh-llm": "^0.1.2-alpha.3",
        "@deepseek-ai/dsh-settings": "^0.1.2-alpha.3"
      }
    },
    "node_modules/@deepseek-ai/dsh-agent-presets": {
      "version": "0.1.2-alpha.3",
      "resolved": "https://registry.npmmirror.com/@deepseek-ai/dsh-agent-presets/-/dsh-agent-presets-0.1.2-alpha.3.tgz",
      "integrity": "sha512-6osMDmEzNdHtpQbZEROjgx3/H7swDClZSq2htyDbXlPcaNb/bm3mTKJmCf2zFUNCY9oWFMJacettaJzvLHZKRg==",
      "license": "MIT",
      "peer": true,
      "dependencies": {
        "@deepseek-ai/schemastery": "^3.18.2",
        "js-yaml": "^4.1.0",
        "zod": "^4.4.3"
      },
      "peerDependencies": {
        "@deepseek-ai/cordis": "^4.0.2",
        "@deepseek-ai/cordis-plugin-include": "^1.0.7",
        "@deepseek-ai/cordis-plugin-loader": "^1.0.3",
        "@deepseek-ai/dsh-agent": "^0.1.2-alpha.3",
        "@deepseek-ai/dsh-atomic-write": "^0.1.2-alpha.3",
        "@deepseek-ai/dsh-home-paths": "^0.1.2-alpha.3",
        "@deepseek-ai/dsh-invariants": "^0.1.2-alpha.3",
        "@deepseek-ai/dsh-scope": "^0.1.2-alpha.3",
        "@deepseek-ai/dsh-session": "^0.1.2-alpha.3",
        "@deepseek-ai/dsh-session-projection": "^0.1.2-alpha.3",
        "@deepseek-ai/dsh-settings": "^0.1.2-alpha.3",
        "@deepseek-ai/dsh-system-prompt": "^0.1.2-alpha.3",
        "@deepseek-ai/dsh-tools": "^0.1.2-alpha.3",
        "@deepseek-ai/dsh-typert-protocol": "^0.1.2-alpha.3"
      }
    },
    "node_modules/@deepseek-ai/dsh-api-gateway": {
      "version": "0.1.2-alpha.3",
      "resolved": "https://registry.npmmirror.com/@deepseek-ai/dsh-api-gateway/-/dsh-api-gateway-0.1.2-alpha.3.tgz",
      "integrity": "sha512-dTGUovQxp2qQWUB8YkmYS4vI9wGpfZuaECbSfTZkBQzgwk/KkXBAne4HVQZYuPS0pY0aVIEnahZZmn3UFi4SGA==",
      "license": "MIT",
      "peer": true,
      "dependencies": {
        "@deepseek-ai/dsh-deque": "^0.1.2-alpha.3",
        "@deepseek-ai/dsh-timeout": "^0.1.2-alpha.3",
        "@deepseek-ai/dsh-typert-protocol": "^0.1.2-alpha.3",
        "@deepseek-ai/schemastery": "^3.18.2",
        "ws": "^8.21.0"
      },
      "peerDependencies": {
        "@deepseek-ai/cordis": "^4.0.2"
      }
    },
    "node_modules/@deepseek-ai/dsh-api-remotes": {
      "version": "0.1.2-alpha.3",
      "resolved": "https://registry.npmmirror.com/@deepseek-ai/dsh-api-remotes/-/dsh-api-remotes-0.1.2-alpha.3.tgz",
      "integrity": "sha512-YUgke32SSp6anYDL9l6q6Z1lcw/i+i+vj6QSJFwRvOGapPG2eDkIjBgpgEG6BVt2sN3ELtOt/cw09IsL5S8RyQ==",
      "license": "MIT",
      "peer": true,
      "dependencies": {
        "@deepseek-ai/dsh-deque": "^0.1.2-alpha.3",
        "@deepseek-ai/dsh-session": "^0.1.2-alpha.3",
        "@deepseek-ai/dsh-util-values": "^0.1.2-alpha.3"
      },
      "peerDependencies": {
        "@deepseek-ai/cordis": "^4.0.2",
        "@deepseek-ai/dsh-scope": "^0.1.2-alpha.3"
      }
    },
    "node_modules/@deepseek-ai/dsh-api-session-controller": {
      "version": "0.1.2-alpha.3",
      "resolved": "https://registry.npmmirror.com/@deepseek-ai/dsh-api-session-controller/-/dsh-api-session-controller-0.1.2-alpha.3.tgz",
      "integrity": "sha512-uMkeiIXaK49KF8ddU4nWMBVikOxEc8uG5jsRDpCsU9VwXflbsILWxWs7/v3t+jPxDwwbDQIo038YHULvJU4BlQ==",
      "license": "MIT",
      "peer": true,
      "dependencies": {
        "@deepseek-ai/dsh-brand": "^0.1.2-alpha.3",
        "@deepseek-ai/dsh-deque": "^0.1.2-alpha.3",
        "@deepseek-ai/schemastery": "^3.18.2",
        "zod": "^4.4.3"
      },
      "peerDependencies": {
        "@deepseek-ai/cordis": "^4.0.2",
        "@deepseek-ai/dsh-agent": "^0.1.2-alpha.3",
        "@deepseek-ai/dsh-agent-default-model": "^0.1.2-alpha.3",
        "@deepseek-ai/dsh-agent-presets": "^0.1.2-alpha.3",
        "@deepseek-ai/dsh-api-gateway": "^0.1.2-alpha.3",
        "@deepseek-ai/dsh-attachment": "^0.1.2-alpha.3",
        "@deepseek-ai/dsh-client-connection": "^0.1.2-alpha.3",
        "@deepseek-ai/dsh-file-reference": "^0.1.2-alpha.3",
        "@deepseek-ai/dsh-invariants": "^0.1.2-alpha.3",
        "@deepseek-ai/dsh-jobs": "^0.1.2-alpha.3",
        "@deepseek-ai/dsh-llm": "^0.1.2-alpha.3",
        "@deepseek-ai/dsh-native-command": "^0.1.2-alpha.3",
        "@deepseek-ai/dsh-scope": "^0.1.2-alpha.3",
        "@deepseek-ai/dsh-session": "^0.1.2-alpha.3",
        "@deepseek-ai/dsh-session-persistence": "^0.1.2-alpha.3",
        "@deepseek-ai/dsh-session-projection": "^0.1.2-alpha.3",
        "@deepseek-ai/dsh-session-projection-cache": "^0.1.2-alpha.3",
        "@deepseek-ai/dsh-session-query": "^0.1.2-alpha.3",
        "@deepseek-ai/dsh-session-title": "^0.1.2-alpha.3",
        "@deepseek-ai/dsh-skill": "^0.1.2-alpha.3",
        "@deepseek-ai/dsh-subagent": "^0.1.2-alpha.3",
        "@deepseek-ai/dsh-typert-protocol": "^0.1.2-alpha.3",
        "@deepseek-ai/dsh-typert-registry": "^0.1.2-alpha.3",
        "@deepseek-ai/dsh-util-time": "^0.1.2-alpha.3",
        "@deepseek-ai/dsh-util-workspace-path": "^0.1.2-alpha.3",
        "@deepseek-ai/dsh-workspace": "^0.1.2-alpha.3"
      },
      "peerDependenciesMeta": {
        "@deepseek-ai/dsh-jobs": {
          "optional": true
        },
        "@deepseek-ai/dsh-session-persistence": {
          "optional": true
        },
        "@deepseek-ai/dsh-session-projection-cache": {
          "optional": true
        }
      }
    },
    "node_modules/@deepseek-ai/dsh-atomic-write": {
      "version": "0.1.2-alpha.3",
      "resolved": "https://registry.npmmirror.com/@deepseek-ai/dsh-atomic-write/-/dsh-atomic-write-0.1.2-alpha.3.tgz",
      "integrity": "sha512-uAh90PUqhpwjqYeSZa8HdHINLFi0Aca4aewSkll2sbVP41n3zDNspLIAMyJU4ziqbe+FDDa+R8VSFNxM8Z/uKQ==",
      "license": "MIT",
      "peer": true,
      "peerDependencies": {
        "@deepseek-ai/cordis": "^4.0.2",
        "@deepseek-ai/dsh-invariants": "^0.1.2-alpha.3"
      }
    },
    "node_modules/@deepseek-ai/dsh-attachment": {
      "version": "0.1.2-alpha.3",
      "resolved": "https://registry.npmmirror.com/@deepseek-ai/dsh-attachment/-/dsh-attachment-0.1.2-alpha.3.tgz",
      "integrity": "sha512-KiJy3esEEthj2alvZLqGN6YH7Ncmia+lzJW9VWf8J9EThlmUrX9xcG6k8v/paLMyrAv2w4JKxvZCIuWZK5mIwA==",
      "license": "MIT",
      "peer": true,
      "peerDependencies": {
        "@deepseek-ai/cordis": "^4.0.2",
        "@deepseek-ai/dsh-brand": "^0.1.2-alpha.3",
        "@deepseek-ai/dsh-invariants": "^0.1.2-alpha.3"
      }
    },
    "node_modules/@deepseek-ai/dsh-brand": {
      "version": "0.1.2-alpha.3",
      "resolved": "https://registry.npmmirror.com/@deepseek-ai/dsh-brand/-/dsh-brand-0.1.2-alpha.3.tgz",
      "integrity": "sha512-Wttwt7HN09rdqVpcZj4ZRSbEjkoHC46+Bw/ik9DllmkNOYh8cNVELeJZPdCh+lk3bifJttTB/OI79B0N95xDxg==",
      "license": "MIT",
      "peer": true,
      "peerDependencies": {
        "@deepseek-ai/cordis": "^4.0.2",
        "@deepseek-ai/dsh-invariants": "^0.1.2-alpha.3"
      }
    },
    "node_modules/@deepseek-ai/dsh-client-connection": {
      "version": "0.1.2-alpha.3",
      "resolved": "https://registry.npmmirror.com/@deepseek-ai/dsh-client-connection/-/dsh-client-connection-0.1.2-alpha.3.tgz",
      "integrity": "sha512-vGVgk+8vCRZsboJLdByGHCG+hwu3EQQK6XrauHSKFeVXEyzNCWgq9BFqVZ/lrjtbyKq3NCsV3Hkth7CjG0YFBg==",
      "license": "MIT",
      "peer": true,
      "dependencies": {
        "@deepseek-ai/dsh-credentials": "^0.1.2-alpha.3",
        "@deepseek-ai/schemastery": "^3.18.2",
        "zod": "^4.4.3"
      },
      "peerDependencies": {
        "@deepseek-ai/cordis": "^4.0.2"
      }
    },
    "node_modules/@deepseek-ai/dsh-client-locale": {
      "version": "0.1.2-alpha.3",
      "resolved": "https://registry.npmmirror.com/@deepseek-ai/dsh-client-locale/-/dsh-client-locale-0.1.2-alpha.3.tgz",
      "integrity": "sha512-DPpPzn76TEdCV8z12u4f61DMObwpyZhYfthrHJZXY+eHmI/fYlA9lGYQqvcSizFNJfRY+4avrvDOm5eNonHLYw==",
      "license": "MIT",
      "peer": true,
      "dependencies": {
        "@deepseek-ai/schemastery": "^3.18.2"
      },
      "peerDependencies": {
        "@deepseek-ai/cordis": "^4.0.2"
      }
    },
    "node_modules/@deepseek-ai/dsh-code-runtime": {
      "version": "0.1.2-alpha.3",
      "resolved": "https://registry.npmmirror.com/@deepseek-ai/dsh-code-runtime/-/dsh-code-runtime-0.1.2-alpha.3.tgz",
      "integrity": "sha512-+cHj36Z4aQVlIawfPO7vv1/8abbKDBbLVS96ld8cktOzy43L2Dugm3SjbicMkSMXvvp/W0rUO+utp4B7R+fcLw==",
      "license": "MIT",
      "peer": true,
      "peerDependencies": {
        "@deepseek-ai/cordis": "^4.0.2",
        "@deepseek-ai/dsh-invariants": "^0.1.2-alpha.3"
      }
    },
    "node_modules/@deepseek-ai/dsh-credentials": {
      "version": "0.1.2-alpha.3",
      "resolved": "https://registry.npmmirror.com/@deepseek-ai/dsh-credentials/-/dsh-credentials-0.1.2-alpha.3.tgz",
      "integrity": "sha512-g8F1AAKRTFiOIVU7ta9HDUyMgTJ5p+QZEyEi/2Qd8oG8XJTKRJvwj11RW+G9Ev5oIhqWuGIpg2Zlzr/tUItsjg==",
      "license": "MIT",
      "peer": true,
      "dependencies": {
        "@deepseek-ai/dsh-brand": "^0.1.2-alpha.3"
      },
      "peerDependencies": {
        "@deepseek-ai/cordis": "^4.0.2",
        "@deepseek-ai/dsh-invariants": "^0.1.2-alpha.3"
      }
    },
    "node_modules/@deepseek-ai/dsh-deque": {
      "version": "0.1.2-alpha.3",
      "resolved": "https://registry.npmmirror.com/@deepseek-ai/dsh-deque/-/dsh-deque-0.1.2-alpha.3.tgz",
      "integrity": "sha512-gmkP2NAeAUTEZmd2NFwe/5Irx8LDTWpNKhpEImBQ1+L/vj0pKwGovk70kmk+3/rTeCb+mRDRNk2ABd0azjDlhg==",
      "license": "MIT",
      "peer": true,
      "peerDependencies": {
        "@deepseek-ai/cordis": "^4.0.2",
        "@deepseek-ai/dsh-invariants": "^0.1.2-alpha.3"
      }
    },
    "node_modules/@deepseek-ai/dsh-file-reference": {
      "version": "0.1.2-alpha.3",
      "resolved": "https://registry.npmmirror.com/@deepseek-ai/dsh-file-reference/-/dsh-file-reference-0.1.2-alpha.3.tgz",
      "integrity": "sha512-jfZPTa068lRdY3CY9YdHMFrhdI2dzkYMoVMcRFb4z6VUDitrB6DpB0JPRCBtOun6kHAsTWzgS2ilEifMPGWTuQ==",
      "license": "MIT",
      "peer": true,
      "peerDependencies": {
        "@deepseek-ai/cordis": "^4.0.2",
        "@deepseek-ai/dsh-agent": "^0.1.2-alpha.3",
        "@deepseek-ai/dsh-invariants": "^0.1.2-alpha.3"
      }
    },
    "node_modules/@deepseek-ai/dsh-home-paths": {
      "version": "0.1.2-alpha.3",
      "resolved": "https://registry.npmmirror.com/@deepseek-ai/dsh-home-paths/-/dsh-home-paths-0.1.2-alpha.3.tgz",
      "integrity": "sha512-UN0oW9mPWv13KQ8j2kRpnhcGLvU2J411eSTuU7hn+IBK9z+qEf5h5p6Ny2pKzTSIfj53hhuKOy0gPM1UcUuUBQ==",
      "license": "MIT",
      "peer": true,
      "peerDependencies": {
        "@deepseek-ai/cordis": "^4.0.2",
        "@deepseek-ai/dsh-invariants": "^0.1.2-alpha.3"
      }
    },
    "node_modules/@deepseek-ai/dsh-invariants": {
      "version": "0.1.2-alpha.3",
      "resolved": "https://registry.npmmirror.com/@deepseek-ai/dsh-invariants/-/dsh-invariants-0.1.2-alpha.3.tgz",
      "integrity": "sha512-Y7O9XtME9u8HBtIT5b1tD32L3kTLRDnwpNw99MVmVWAcrHAZ40qbLnyH3DxiZi6nuKutbqsG1Bmypwt9hyUUng==",
      "license": "MIT",
      "peer": true,
      "dependencies": {
        "@deepseek-ai/schemastery": "^3.18.2"
      },
      "peerDependencies": {
        "@deepseek-ai/cordis": "^4.0.2"
      }
    },
    "node_modules/@deepseek-ai/dsh-llm": {
      "version": "0.1.2-alpha.3",
      "resolved": "https://registry.npmmirror.com/@deepseek-ai/dsh-llm/-/dsh-llm-0.1.2-alpha.3.tgz",
      "integrity": "sha512-xGedBtvxb1HJWCmVO9v3fhHqoZ1iMDQU1x7fqAhhDfjKjmLTljWC1/RdZqUFI/1a/CM1iGPSaDuPZDCMu45AtA==",
      "license": "MIT",
      "peer": true,
      "dependencies": {
        "@deepseek-ai/dsh-brand": "^0.1.2-alpha.3",
        "@deepseek-ai/dsh-timeout": "^0.1.2-alpha.3",
        "@deepseek-ai/dsh-typert-protocol": "^0.1.2-alpha.3",
        "@deepseek-ai/dsh-util-crypto": "^0.1.2-alpha.3",
        "@deepseek-ai/dsh-util-values": "^0.1.2-alpha.3",
        "@deepseek-ai/schemastery": "^3.18.2",
        "zod": "^4.4.3"
      },
      "peerDependencies": {
        "@deepseek-ai/cordis": "^4.0.2"
      }
    },
    "node_modules/@deepseek-ai/dsh-native-command": {
      "version": "0.1.2-alpha.3",
      "resolved": "https://registry.npmmirror.com/@deepseek-ai/dsh-native-command/-/dsh-native-command-0.1.2-alpha.3.tgz",
      "integrity": "sha512-iVGtvne0MJzTBW2ZzYs088c29dvVEDLhScfpVfUodA+RtsnFyjkP4/KySAGgBf1BEjdlq9gwRclZMR0BYia9PQ==",
      "license": "MIT",
      "peer": true,
      "peerDependencies": {
        "@deepseek-ai/cordis": "^4.0.2",
        "@deepseek-ai/dsh-invariants": "^0.1.2-alpha.3"
      }
    },
    "node_modules/@deepseek-ai/dsh-scope": {
      "version": "0.1.2-alpha.3",
      "resolved": "https://registry.npmmirror.com/@deepseek-ai/dsh-scope/-/dsh-scope-0.1.2-alpha.3.tgz",
      "integrity": "sha512-AeDC+NdV0cgZYDmqib0e7+RT1Fsjf/MI95Wo/zMfjvUo7tQzZND5i0BQg2jTHwqjx2l5JaEw9mFcqSOVvjl+zA==",
      "license": "MIT",
      "peer": true,
      "peerDependencies": {
        "@deepseek-ai/cordis": "^4.0.2",
        "@deepseek-ai/dsh-invariants": "^0.1.2-alpha.3"
      }
    },
    "node_modules/@deepseek-ai/dsh-session": {
      "version": "0.1.2-alpha.3",
      "resolved": "https://registry.npmmirror.com/@deepseek-ai/dsh-session/-/dsh-session-0.1.2-alpha.3.tgz",
      "integrity": "sha512-iwWs0FdShoiCLLVk6lSZL18vKlFuliQXqy6gnu4U34B8K3uPb+QYWHjB3PrTXcK8ZVmb0zdWeyZ9osmANWWKnw==",
      "license": "MIT",
      "peer": true,
      "dependencies": {
        "@deepseek-ai/dsh-brand": "^0.1.2-alpha.3",
        "@deepseek-ai/dsh-llm": "^0.1.2-alpha.3",
        "@deepseek-ai/dsh-util-values": "^0.1.2-alpha.3"
      },
      "peerDependencies": {
        "@deepseek-ai/cordis": "^4.0.2",
        "@deepseek-ai/dsh-scope": "^0.1.2-alpha.3"
      }
    },
    "node_modules/@deepseek-ai/dsh-session-persistence": {
      "version": "0.1.2-alpha.3",
      "resolved": "https://registry.npmmirror.com/@deepseek-ai/dsh-session-persistence/-/dsh-session-persistence-0.1.2-alpha.3.tgz",
      "integrity": "sha512-Nr+xaYDgXncCI4L9boaq2HjhJrBjrFYoMvztuEmbPvnFoBr2cC5CaSj5FHoe1hSuyrj7NzsRaYfEfe7yswc59w==",
      "license": "MIT",
      "peer": true,
      "dependencies": {
        "@deepseek-ai/dsh-util-values": "^0.1.2-alpha.3"
      },
      "peerDependencies": {
        "@deepseek-ai/cordis": "^4.0.2",
        "@deepseek-ai/dsh-brand": "^0.1.2-alpha.3",
        "@deepseek-ai/dsh-invariants": "^0.1.2-alpha.3",
        "@deepseek-ai/dsh-session": "^0.1.2-alpha.3",
        "@deepseek-ai/dsh-timeout": "^0.1.2-alpha.3"
      }
    },
    "node_modules/@deepseek-ai/dsh-session-projection": {
      "version": "0.1.2-alpha.3",
      "resolved": "https://registry.npmmirror.com/@deepseek-ai/dsh-session-projection/-/dsh-session-projection-0.1.2-alpha.3.tgz",
      "integrity": "sha512-IyiPZMXb8/xVBk0rc0nCu4bglGmszCVtraqt82WbspEAINSBdCf/ydLM15Fw+m0jB7K2fwgKg1ejGcXKnfpOoQ==",
      "license": "MIT",
      "peer": true,
      "dependencies": {
        "zod": "^4.4.3"
      },
      "peerDependencies": {
        "@deepseek-ai/cordis": "^4.0.2",
        "@deepseek-ai/dsh-invariants": "^0.1.2-alpha.3",
        "@deepseek-ai/dsh-session": "^0.1.2-alpha.3"
      }
    },
    "node_modules/@deepseek-ai/dsh-session-query": {
      "version": "0.1.2-alpha.3",
      "resolved": "https://registry.npmmirror.com/@deepseek-ai/dsh-session-query/-/dsh-session-query-0.1.2-alpha.3.tgz",
      "integrity": "sha512-F4q60s6Uk/FybOzHvLwaQUqo/vp4AolCrXq/xtnWc+v9SskcereqCzzNtxrwP/st92xsPTBeTNfSfOL5AdY8UA==",
      "license": "MIT",
      "peer": true,
      "peerDependencies": {
        "@deepseek-ai/cordis": "^4.0.2",
        "@deepseek-ai/dsh-brand": "^0.1.2-alpha.3",
        "@deepseek-ai/dsh-invariants": "^0.1.2-alpha.3",
        "@deepseek-ai/dsh-llm": "^0.1.2-alpha.3",
        "@deepseek-ai/dsh-session": "^0.1.2-alpha.3",
        "@deepseek-ai/dsh-session-persistence": "^0.1.2-alpha.3",
        "@deepseek-ai/dsh-session-projection": "^0.1.2-alpha.3",
        "@deepseek-ai/dsh-session-projection-cache": "^0.1.2-alpha.3",
        "@deepseek-ai/dsh-session-title": "^0.1.2-alpha.3",
        "@deepseek-ai/dsh-tool-todo": "^0.1.2-alpha.3"
      },
      "peerDependenciesMeta": {
        "@deepseek-ai/dsh-session-persistence": {
          "optional": true
        },
        "@deepseek-ai/dsh-session-projection": {
          "optional": true
        },
        "@deepseek-ai/dsh-session-projection-cache": {
          "optional": true
        }
      }
    },
    "node_modules/@deepseek-ai/dsh-session-title": {
      "version": "0.1.2-alpha.3",
      "resolved": "https://registry.npmmirror.com/@deepseek-ai/dsh-session-title/-/dsh-session-title-0.1.2-alpha.3.tgz",
      "integrity": "sha512-K1rzZF3yECiJTCnt8gKJ3OIlVyWldCDIQyMX8CsjbyrjYAcTIndN1vclHTYPTCGaQk95fWRXyjHz3U5nQQ3FJQ==",
      "license": "MIT",
      "peer": true,
      "dependencies": {
        "@deepseek-ai/dsh-util-values": "^0.1.2-alpha.3",
        "@deepseek-ai/schemastery": "^3.18.2",
        "zod": "^4.4.3"
      },
      "peerDependencies": {
        "@deepseek-ai/cordis": "^4.0.2",
        "@deepseek-ai/dsh-agent": "^0.1.2-alpha.3",
        "@deepseek-ai/dsh-brand": "^0.1.2-alpha.3",
        "@deepseek-ai/dsh-invariants": "^0.1.2-alpha.3",
        "@deepseek-ai/dsh-llm": "^0.1.2-alpha.3",
        "@deepseek-ai/dsh-session": "^0.1.2-alpha.3",
        "@deepseek-ai/dsh-session-projection": "^0.1.2-alpha.3"
      }
    },
    "node_modules/@deepseek-ai/dsh-settings": {
      "version": "0.1.2-alpha.3",
      "resolved": "https://registry.npmmirror.com/@deepseek-ai/dsh-settings/-/dsh-settings-0.1.2-alpha.3.tgz",
      "integrity": "sha512-+zwP970YwzJoRdvFJUBN/mMN7BjSwX4nrhLcWbR9YmTUpGV+8mFXnSh25QMKOTQpQk7p+zPqgAFRRCujHIN2xQ==",
      "license": "MIT",
      "peer": true,
      "dependencies": {
        "@deepseek-ai/dsh-util-values": "^0.1.2-alpha.3"
      },
      "peerDependencies": {
        "@deepseek-ai/cordis": "^4.0.2",
        "@deepseek-ai/dsh-brand": "^0.1.2-alpha.3",
        "@deepseek-ai/dsh-invariants": "^0.1.2-alpha.3",
        "@deepseek-ai/dsh-session": "^0.1.2-alpha.3",
        "@deepseek-ai/schemastery": "^3.18.2"
      }
    },
    "node_modules/@deepseek-ai/dsh-skill": {
      "version": "0.1.2-alpha.3",
      "resolved": "https://registry.npmmirror.com/@deepseek-ai/dsh-skill/-/dsh-skill-0.1.2-alpha.3.tgz",
      "integrity": "sha512-4omXHBc02VL36GCHwtHddyF5PKRBUh+TM28FmbP+ysze6DdzGjeHd/nHkB3iFCeW2NBN4ovLbt6EVfqHF8fOqg==",
      "license": "MIT",
      "peer": true,
      "dependencies": {
        "@deepseek-ai/dsh-util-values": "^0.1.2-alpha.3",
        "@deepseek-ai/schemastery": "^3.18.2"
      },
      "peerDependencies": {
        "@deepseek-ai/cordis": "^4.0.2",
        "@deepseek-ai/dsh-invariants": "^0.1.2-alpha.3",
        "@deepseek-ai/dsh-llm": "^0.1.2-alpha.3",
        "@deepseek-ai/dsh-scope": "^0.1.2-alpha.3"
      }
    },
    "node_modules/@deepseek-ai/dsh-storage": {
      "version": "0.1.2-alpha.3",
      "resolved": "https://registry.npmmirror.com/@deepseek-ai/dsh-storage/-/dsh-storage-0.1.2-alpha.3.tgz",
      "integrity": "sha512-k7/V26NNVGjz1jkSN1K6rY05Jgbwej2MR3O9OW63cdXE2nrX5B8BStXRo6dJ4SYxaB2SkJoXIhIvAhxb6sRqmg==",
      "license": "MIT",
      "peer": true,
      "peerDependencies": {
        "@deepseek-ai/cordis": "^4.0.2",
        "@deepseek-ai/dsh-invariants": "^0.1.2-alpha.3"
      }
    },
    "node_modules/@deepseek-ai/dsh-storage-domain": {
      "version": "0.1.2-alpha.3",
      "resolved": "https://registry.npmmirror.com/@deepseek-ai/dsh-storage-domain/-/dsh-storage-domain-0.1.2-alpha.3.tgz",
      "integrity": "sha512-uEogo3p1J+CNKJRw+QrWRN4XdMteoPFckoWXN1oXUIwAEWPiU9iF6LyIXVYc6fyI0NUdNIKoS74C16pCvJJeMA==",
      "license": "MIT",
      "peer": true,
      "dependencies": {
        "@deepseek-ai/schemastery": "^3.18.2",
        "zod": "^4.4.3"
      },
      "peerDependencies": {
        "@deepseek-ai/cordis": "^4.0.2",
        "@deepseek-ai/dsh-invariants": "^0.1.2-alpha.3",
        "@deepseek-ai/dsh-storage": "^0.1.2-alpha.3"
      }
    },
    "node_modules/@deepseek-ai/dsh-subagent": {
      "version": "0.1.2-alpha.3",
      "resolved": "https://registry.npmmirror.com/@deepseek-ai/dsh-subagent/-/dsh-subagent-0.1.2-alpha.3.tgz",
      "integrity": "sha512-pHODZzHQ9QLb1yNao/dt9tJKapbOVBbtxXTQeX96aHwxR6aYPLja7lNHk1nm6EgpGj4wLjfG9yTKPxK4GhWdkg==",
      "license": "MIT",
      "peer": true,
      "dependencies": {
        "@deepseek-ai/dsh-brand": "^0.1.2-alpha.3",
        "@deepseek-ai/dsh-util-values": "^0.1.2-alpha.3",
        "zod": "^4.4.3"
      },
      "peerDependencies": {
        "@deepseek-ai/cordis": "^4.0.2",
        "@deepseek-ai/dsh-agent": "^0.1.2-alpha.3",
        "@deepseek-ai/dsh-agent-presets": "^0.1.2-alpha.3",
        "@deepseek-ai/dsh-attachment": "^0.1.2-alpha.3",
        "@deepseek-ai/dsh-invariants": "^0.1.2-alpha.3",
        "@deepseek-ai/dsh-jobs": "^0.1.2-alpha.3",
        "@deepseek-ai/dsh-llm": "^0.1.2-alpha.3",
        "@deepseek-ai/dsh-sandbox": "^0.1.2-alpha.3",
        "@deepseek-ai/dsh-sandbox-policy": "^0.1.2-alpha.3",
        "@deepseek-ai/dsh-scope": "^0.1.2-alpha.3",
        "@deepseek-ai/dsh-session": "^0.1.2-alpha.3",
        "@deepseek-ai/dsh-session-persistence": "^0.1.2-alpha.3",
        "@deepseek-ai/dsh-session-projection": "^0.1.2-alpha.3",
        "@deepseek-ai/dsh-session-projection-cache": "^0.1.2-alpha.3",
        "@deepseek-ai/dsh-session-query": "^0.1.2-alpha.3",
        "@deepseek-ai/dsh-system-prompt": "^0.1.2-alpha.3",
        "@deepseek-ai/dsh-tools": "^0.1.2-alpha.3",
        "@deepseek-ai/dsh-typert-protocol": "^0.1.2-alpha.3",
        "@deepseek-ai/dsh-user-approval": "^0.1.2-alpha.3",
        "@deepseek-ai/dsh-util-time": "^0.1.2-alpha.3"
      },
      "peerDependenciesMeta": {
        "@deepseek-ai/dsh-agent-presets": {
          "optional": true
        },
        "@deepseek-ai/dsh-jobs": {
          "optional": true
        },
        "@deepseek-ai/dsh-sandbox": {
          "optional": true
        },
        "@deepseek-ai/dsh-sandbox-policy": {
          "optional": true
        },
        "@deepseek-ai/dsh-session-persistence": {
          "optional": true
        },
        "@deepseek-ai/dsh-session-projection": {
          "optional": true
        },
        "@deepseek-ai/dsh-session-projection-cache": {
          "optional": true
        },
        "@deepseek-ai/dsh-session-query": {
          "optional": true
        },
        "@deepseek-ai/dsh-user-approval": {
          "optional": true
        }
      }
    },
    "node_modules/@deepseek-ai/dsh-system-prompt": {
      "version": "0.1.2-alpha.3",
      "resolved": "https://registry.npmmirror.com/@deepseek-ai/dsh-system-prompt/-/dsh-system-prompt-0.1.2-alpha.3.tgz",
      "integrity": "sha512-R+VVDew/0DdTypypAjkgTygh3M2yNYXNFO+DvMfdX98jgD7MSluw2iYaCFR/ax9bBNHXXHQ7eXHsIYI1a0FrPg==",
      "license": "MIT",
      "peer": true,
      "dependencies": {
        "@deepseek-ai/schemastery": "^3.18.2"
      },
      "peerDependencies": {
        "@deepseek-ai/cordis": "^4.0.2",
        "@deepseek-ai/dsh-invariants": "^0.1.2-alpha.3",
        "@deepseek-ai/dsh-llm": "^0.1.2-alpha.3",
        "@deepseek-ai/dsh-scope": "^0.1.2-alpha.3"
      }
    },
    "node_modules/@deepseek-ai/dsh-timeout": {
      "version": "0.1.2-alpha.3",
      "resolved": "https://registry.npmmirror.com/@deepseek-ai/dsh-timeout/-/dsh-timeout-0.1.2-alpha.3.tgz",
      "integrity": "sha512-BWCusO6Q3GPl5NsUJVNggKF4lOyij5IG5dSgAVdoDhB25b7TAnNHEzUvGt4qxBbQE2xGmeAj+WA0QG1E2X/NuQ==",
      "license": "MIT",
      "peer": true,
      "peerDependencies": {
        "@deepseek-ai/cordis": "^4.0.2",
        "@deepseek-ai/dsh-invariants": "^0.1.2-alpha.3"
      }
    },
    "node_modules/@deepseek-ai/dsh-tool-todo": {
      "version": "0.1.2-alpha.3",
      "resolved": "https://registry.npmmirror.com/@deepseek-ai/dsh-tool-todo/-/dsh-tool-todo-0.1.2-alpha.3.tgz",
      "integrity": "sha512-DFIkR63lTaeGjB1UMUHUXVlU4w3AtLGuvwK2JbdPzDjkqOf7MloOxmvT2qhuzFbpS5Tnt0nRjCJ4a5CSStuQAQ==",
      "license": "MIT",
      "peer": true,
      "dependencies": {
        "@deepseek-ai/schemastery": "^3.18.2",
        "zod": "^4.4.3"
      },
      "peerDependencies": {
        "@deepseek-ai/cordis": "^4.0.2",
        "@deepseek-ai/dsh-agent": "^0.1.2-alpha.3",
        "@deepseek-ai/dsh-invariants": "^0.1.2-alpha.3",
        "@deepseek-ai/dsh-session": "^0.1.2-alpha.3",
        "@deepseek-ai/dsh-session-projection": "^0.1.2-alpha.3",
        "@deepseek-ai/dsh-tools": "^0.1.2-alpha.3"
      }
    },
    "node_modules/@deepseek-ai/dsh-tools": {
      "version": "0.1.2-alpha.3",
      "resolved": "https://registry.npmmirror.com/@deepseek-ai/dsh-tools/-/dsh-tools-0.1.2-alpha.3.tgz",
      "integrity": "sha512-ffcpryQgwqAHIkN326CKqH3kueCMKXgbRU4D0Lp+Kwql97NVZrmRxI8ExERJtTju1adtowwVOXIdPjD4XyB44w==",
      "license": "MIT",
      "peer": true,
      "dependencies": {
        "@deepseek-ai/dsh-brand": "^0.1.2-alpha.3",
        "@deepseek-ai/dsh-util-values": "^0.1.2-alpha.3",
        "@deepseek-ai/schemastery": "^3.18.2"
      },
      "peerDependencies": {
        "@deepseek-ai/cordis": "^4.0.2",
        "@deepseek-ai/dsh-agent": "^0.1.2-alpha.3",
        "@deepseek-ai/dsh-code-runtime": "^0.1.2-alpha.3",
        "@deepseek-ai/dsh-invariants": "^0.1.2-alpha.3",
        "@deepseek-ai/dsh-llm": "^0.1.2-alpha.3",
        "@deepseek-ai/dsh-scope": "^0.1.2-alpha.3",
        "@deepseek-ai/dsh-session": "^0.1.2-alpha.3",
        "@deepseek-ai/dsh-system-prompt": "^0.1.2-alpha.3",
        "@deepseek-ai/dsh-user-approval": "^0.1.2-alpha.3"
      }
    },
    "node_modules/@deepseek-ai/dsh-typert-protocol": {
      "version": "0.1.2-alpha.3",
      "resolved": "https://registry.npmmirror.com/@deepseek-ai/dsh-typert-protocol/-/dsh-typert-protocol-0.1.2-alpha.3.tgz",
      "integrity": "sha512-yE3qjCbbOD0y4c0rv7hYq2sV/kLsoJ/m8+a6d8uNlEwV+W74HtpuWS8VjfWqRJZCcDRpv7yvu+/6Arw0vYl0Xg==",
      "license": "MIT",
      "peer": true,
      "peerDependencies": {
        "@deepseek-ai/cordis": "^4.0.2",
        "@deepseek-ai/dsh-invariants": "^0.1.2-alpha.3"
      }
    },
    "node_modules/@deepseek-ai/dsh-typert-registry": {
      "version": "0.1.2-alpha.3",
      "resolved": "https://registry.npmmirror.com/@deepseek-ai/dsh-typert-registry/-/dsh-typert-registry-0.1.2-alpha.3.tgz",
      "integrity": "sha512-Ik6X0Kw11+x/OoHiNp9esRW7PJyIqGp/0ZMjECcpCeAkcSjfcrCBnMsNDkTNozMjaj3GLLdPmhJIraC869I1zQ==",
      "license": "MIT",
      "peer": true,
      "dependencies": {
        "zod": "^4.4.3"
      },
      "peerDependencies": {
        "@deepseek-ai/cordis": "^4.0.2"
      }
    },
    "node_modules/@deepseek-ai/dsh-user-approval": {
      "version": "0.1.2-alpha.3",
      "resolved": "https://registry.npmmirror.com/@deepseek-ai/dsh-user-approval/-/dsh-user-approval-0.1.2-alpha.3.tgz",
      "integrity": "sha512-ulp0zA1JnzrjJVyg4DbKMR6Vxz66+ltbIXKhDQcrPgYE93woI0U2VoWiQPuvlozcWqpEvDsmsmdM3rMTxQrB0A==",
      "license": "MIT",
      "peer": true,
      "dependencies": {
        "@deepseek-ai/schemastery": "^3.18.2"
      },
      "peerDependencies": {
        "@deepseek-ai/cordis": "^4.0.2",
        "@deepseek-ai/dsh-agent": "^0.1.2-alpha.3",
        "@deepseek-ai/dsh-brand": "^0.1.2-alpha.3",
        "@deepseek-ai/dsh-invariants": "^0.1.2-alpha.3",
        "@deepseek-ai/dsh-llm": "^0.1.2-alpha.3",
        "@deepseek-ai/dsh-scope": "^0.1.2-alpha.3",
        "@deepseek-ai/dsh-session": "^0.1.2-alpha.3",
        "@deepseek-ai/dsh-system-prompt": "^0.1.2-alpha.3"
      }
    },
    "node_modules/@deepseek-ai/dsh-util-crypto": {
      "version": "0.1.2-alpha.3",
      "resolved": "https://registry.npmmirror.com/@deepseek-ai/dsh-util-crypto/-/dsh-util-crypto-0.1.2-alpha.3.tgz",
      "integrity": "sha512-bjHvzi4C4Xm04NNbYQChWBcPG7IJeujKxyKQYwY+muw+BC3EVVWw3JMovrjYdHzmu0/ePS0z0rAho73Etl4BVg==",
      "license": "MIT",
      "peer": true,
      "peerDependencies": {
        "@deepseek-ai/cordis": "^4.0.2",
        "@deepseek-ai/dsh-invariants": "^0.1.2-alpha.3"
      }
    },
    "node_modules/@deepseek-ai/dsh-util-time": {
      "version": "0.1.2-alpha.3",
      "resolved": "https://registry.npmmirror.com/@deepseek-ai/dsh-util-time/-/dsh-util-time-0.1.2-alpha.3.tgz",
      "integrity": "sha512-eFdPPZ9TC2Ix7NIoNBLiSJz0KxW8mz2X49k0cbvh98YaQ9l4DYW8edikow8dwbieTDNLmQQlhuMWExAxU8holA==",
      "license": "MIT",
      "peer": true,
      "peerDependencies": {
        "@deepseek-ai/cordis": "^4.0.2",
        "@deepseek-ai/dsh-invariants": "^0.1.2-alpha.3"
      }
    },
    "node_modules/@deepseek-ai/dsh-util-values": {
      "version": "0.1.2-alpha.3",
      "resolved": "https://registry.npmmirror.com/@deepseek-ai/dsh-util-values/-/dsh-util-values-0.1.2-alpha.3.tgz",
      "integrity": "sha512-i3dYcvNFlUOMrIMgYqLqQubWTYm7Lj9jo+GWnaYFMUl+0h+M1XZFLOBvrpIWEbVB5EuAEXYkT7gxUps7WRXL6Q==",
      "license": "MIT",
      "peer": true,
      "peerDependencies": {
        "@deepseek-ai/cordis": "^4.0.2",
        "@deepseek-ai/dsh-invariants": "^0.1.2-alpha.3"
      }
    },
    "node_modules/@deepseek-ai/dsh-util-workspace-path": {
      "version": "0.1.2-alpha.3",
      "resolved": "https://registry.npmmirror.com/@deepseek-ai/dsh-util-workspace-path/-/dsh-util-workspace-path-0.1.2-alpha.3.tgz",
      "integrity": "sha512-CIo4jfYe0UDNwQqj7QyVI+cXZuyypM4103VB5zKeagQalY/+z3Qk5dc463ScU0gezLAfd8qHOSWlRnKRZD39Zg==",
      "license": "MIT",
      "peer": true,
      "peerDependencies": {
        "@deepseek-ai/cordis": "^4.0.2",
        "@deepseek-ai/dsh-invariants": "^0.1.2-alpha.3"
      }
    },
    "node_modules/@deepseek-ai/dsh-workspace": {
      "version": "0.1.2-alpha.3",
      "resolved": "https://registry.npmmirror.com/@deepseek-ai/dsh-workspace/-/dsh-workspace-0.1.2-alpha.3.tgz",
      "integrity": "sha512-sG081O1gQy5/SOdrs856IbdBefBePBtASZKlcnAMrnc6mbWOOocsNXCkSogATmj+JKn1aChISlWbYcmET6Im3Q==",
      "license": "MIT",
      "peer": true,
      "dependencies": {
        "@deepseek-ai/dsh-brand": "^0.1.2-alpha.3",
        "zod": "^4.4.3"
      },
      "peerDependencies": {
        "@deepseek-ai/cordis": "^4.0.2",
        "@deepseek-ai/dsh-invariants": "^0.1.2-alpha.3",
        "@deepseek-ai/dsh-session": "^0.1.2-alpha.3",
        "@deepseek-ai/dsh-session-persistence": "^0.1.2-alpha.3",
        "@deepseek-ai/dsh-storage": "^0.1.2-alpha.3",
        "@deepseek-ai/dsh-storage-domain": "^0.1.2-alpha.3",
        "@deepseek-ai/dsh-typert-protocol": "^0.1.2-alpha.3"
      }
    },
    "node_modules/@deepseek-ai/schemastery": {
      "version": "3.18.2",
      "resolved": "https://registry.npmmirror.com/@deepseek-ai/schemastery/-/schemastery-3.18.2.tgz",
      "integrity": "sha512-njDtZsznjYxok7KLLlHOPyuv2efdWVbSflAHgztSfbMsg+CVraEoRe2DjOCgClYv3ZCSm7WXoaUkbB/+RY7tWQ==",
      "license": "MIT",
      "peer": true,
      "dependencies": {
        "@deepseek-ai/cosmokit": "^1.8.3",
        "@standard-schema/spec": "^1.1.0"
      }
    },
    "node_modules/@standard-schema/spec": {
      "version": "1.1.0",
      "resolved": "https://registry.npmmirror.com/@standard-schema/spec/-/spec-1.1.0.tgz",
      "integrity": "sha512-l2aFy5jALhniG5HgqrD6jXLi/rUWrKvqN/qJx6yoJsgKhblVd+iqqU4RCXavm/jPityDo5TCvKMnpjKnOriy0w==",
      "license": "MIT",
      "peer": true
    },
    "node_modules/argparse": {
      "version": "2.0.1",
      "resolved": "https://registry.npmmirror.com/argparse/-/argparse-2.0.1.tgz",
      "integrity": "sha512-8+9WqebbFzpX9OR+Wa6O29asIogeRMzcGtAINdpMHHyAg10f05aSFVBbcEqGf/PXw1EjAZ+q2/bEBg3DvurK3Q==",
      "license": "Python-2.0",
      "peer": true
    },
    "node_modules/js-yaml": {
      "version": "4.3.2",
      "resolved": "https://registry.npmmirror.com/js-yaml/-/js-yaml-4.3.2.tgz",
      "integrity": "sha512-SFNOvSJ+Dgf/9An904Yx+CgSlIPCkIpao4qo51lpee25TIRejdH3rhR4EZMGoNx3/TP3O+wzWuiTFl4sqbltzA==",
      "funding": [
        {
          "type": "github",
          "url": "https://github.com/sponsors/puzrin"
        },
        {
          "type": "github",
          "url": "https://github.com/sponsors/nodeca"
        }
      ],
      "license": "MIT",
      "peer": true,
      "dependencies": {
        "argparse": "^2.0.1"
      },
      "bin": {
        "js-yaml": "bin/js-yaml.js"
      }
    },
    "node_modules/ws": {
      "version": "8.21.3",
      "resolved": "https://registry.npmmirror.com/ws/-/ws-8.21.3.tgz",
      "integrity": "sha512-201TZ/kPWxoPr/OKWjquZR1SWKXcvxdH+e1xrx89b3YbmzLMFCLfnaG1HFIgWzJOEWZ7MvpK++odZufgYR50Rw==",
      "license": "MIT",
      "peer": true,
      "engines": {
        "node": ">=10.0.0"
      },
      "peerDependencies": {
        "bufferutil": "^4.0.1",
        "utf-8-validate": ">=5.0.2"
      },
      "peerDependenciesMeta": {
        "bufferutil": {
          "optional": true
        },
        "utf-8-validate": {
          "optional": true
        }
      }
    },
    "node_modules/zod": {
      "version": "4.5.4",
      "resolved": "https://registry.npmmirror.com/zod/-/zod-4.5.4.tgz",
      "integrity": "sha512-sC95tT5iHHH9gtpj6A81kh+NEaRAUFN+qlUPDUbRfOMvNf5QCBqsb3WgvnpVtK5Y+4UfA6KqufotuTvMGiTlsA==",
      "license": "MIT",
      "peer": true,
      "funding": {
        "url": "https://github.com/sponsors/colinhacks"
      }
    }
  }
}
