{
  "name": "dsh-spend",
  "version": "0.6.3",
  "lockfileVersion": 3,
  "requires": true,
  "packages": {
    "": {
      "name": "dsh-spend",
      "version": "0.6.3",
      "license": "MIT",
      "peerDependencies": {
        "@deepseek-ai/cordis": "^4.0.1",
        "@deepseek-ai/dsh-api-remotes": ">=0.1.0-rc.6 <0.2.0",
        "@deepseek-ai/dsh-api-session-controller": ">=0.1.0-rc.6 <0.2.0",
        "@deepseek-ai/dsh-client-locale": ">=0.1.0-rc.6 <0.2.0",
        "@deepseek-ai/dsh-credentials": ">=0.1.0-rc.6 <0.2.0",
        "@deepseek-ai/dsh-home-paths": ">=0.1.0-rc.6 <0.2.0",
        "@deepseek-ai/dsh-typert-protocol": ">=0.1.0-rc.6 <0.2.0",
        "@deepseek-ai/schemastery": "^3.18.1"
      }
    }
  }
}
